
Microsoft Visual Studio Solution File, Format Version 12.00
# Visual Studio 14
VisualStudioVersion = 14.0.25123.0
MinimumVisualStudioVersion = 10.0.40219.1
Project("{FAE04EC0-301F-11D3-BF4B-00C04F79EFBC}") = "GLM", "GLM\GLM.csproj", "{33C0D99A-3D1E-4A54-906E-DBBB323CC892}"
EndProject
Project("{FAE04EC0-301F-11D3-BF4B-00C04F79EFBC}") = "GLM.UT", "GLM.UT\GLM.UT.csproj", "{3A82B055-3873-47FA-82C0-D0FF2F598142}"
EndProject
Project("{2150E333-8FDC-42A3-9474-1A3956D46DE8}") = "Solution Items", "Solution Items", "{1747846C-B182-4E9C-A527-B74518B8409B}"
	ProjectSection(SolutionItems) = preProject
		GLM.vsmdi = GLM.vsmdi
		Local.testsettings = Local.testsettings
		TraceAndTestImpact.testsettings = TraceAndTestImpact.testsettings
	EndProjectSection
EndProject
Project("{FAE04EC0-301F-11D3-BF4B-00C04F79EFBC}") = "GLM.FT", "GLM.FT\GLM.FT.csproj", "{59C40F6A-4C25-441E-B888-FFBC1C529FE5}"
EndProject
Global
	GlobalSection(SolutionConfigurationPlatforms) = preSolution
		Debug|Any CPU = Debug|Any CPU
		Debug|Mixed Platforms = Debug|Mixed Platforms
		Debug|x86 = Debug|x86
		Release|Any CPU = Release|Any CPU
		Release|Mixed Platforms = Release|Mixed Platforms
		Release|x86 = Release|x86
	EndGlobalSection
	GlobalSection(ProjectConfigurationPlatforms) = postSolution
		{33C0D99A-3D1E-4A54-906E-DBBB323CC892}.Debug|Any CPU.ActiveCfg = Debug|Any CPU
		{33C0D99A-3D1E-4A54-906E-DBBB323CC892}.Debug|Any CPU.Build.0 = Debug|Any CPU
		{33C0D99A-3D1E-4A54-906E-DBBB323CC892}.Debug|Mixed Platforms.ActiveCfg = Debug|Any CPU
		{33C0D99A-3D1E-4A54-906E-DBBB323CC892}.Debug|Mixed Platforms.Build.0 = Debug|Any CPU
		{33C0D99A-3D1E-4A54-906E-DBBB323CC892}.Debug|x86.ActiveCfg = Debug|Any CPU
		{33C0D99A-3D1E-4A54-906E-DBBB323CC892}.Release|Any CPU.ActiveCfg = Release|x64
		{33C0D99A-3D1E-4A54-906E-DBBB323CC892}.Release|Any CPU.Build.0 = Release|x64
		{33C0D99A-3D1E-4A54-906E-DBBB323CC892}.Release|Mixed Platforms.ActiveCfg = Release|Any CPU
		{33C0D99A-3D1E-4A54-906E-DBBB323CC892}.Release|Mixed Platforms.Build.0 = Release|Any CPU
		{33C0D99A-3D1E-4A54-906E-DBBB323CC892}.Release|x86.ActiveCfg = Release|Any CPU
		{3A82B055-3873-47FA-82C0-D0FF2F598142}.Debug|Any CPU.ActiveCfg = Debug|Any CPU
		{3A82B055-3873-47FA-82C0-D0FF2F598142}.Debug|Any CPU.Build.0 = Debug|Any CPU
		{3A82B055-3873-47FA-82C0-D0FF2F598142}.Debug|Mixed Platforms.ActiveCfg = Debug|Any CPU
		{3A82B055-3873-47FA-82C0-D0FF2F598142}.Debug|Mixed Platforms.Build.0 = Debug|Any CPU
		{3A82B055-3873-47FA-82C0-D0FF2F598142}.Debug|x86.ActiveCfg = Debug|Any CPU
		{3A82B055-3873-47FA-82C0-D0FF2F598142}.Release|Any CPU.ActiveCfg = Release|x64
		{3A82B055-3873-47FA-82C0-D0FF2F598142}.Release|Any CPU.Build.0 = Release|x64
		{3A82B055-3873-47FA-82C0-D0FF2F598142}.Release|Mixed Platforms.ActiveCfg = Release|Any CPU
		{3A82B055-3873-47FA-82C0-D0FF2F598142}.Release|Mixed Platforms.Build.0 = Release|Any CPU
		{3A82B055-3873-47FA-82C0-D0FF2F598142}.Release|x86.ActiveCfg = Release|Any CPU
		{59C40F6A-4C25-441E-B888-FFBC1C529FE5}.Debug|Any CPU.ActiveCfg = Debug|x86
		{59C40F6A-4C25-441E-B888-FFBC1C529FE5}.Debug|Mixed Platforms.ActiveCfg = Debug|x86
		{59C40F6A-4C25-441E-B888-FFBC1C529FE5}.Debug|Mixed Platforms.Build.0 = Debug|x86
		{59C40F6A-4C25-441E-B888-FFBC1C529FE5}.Debug|x86.ActiveCfg = Debug|x86
		{59C40F6A-4C25-441E-B888-FFBC1C529FE5}.Debug|x86.Build.0 = Debug|x86
		{59C40F6A-4C25-441E-B888-FFBC1C529FE5}.Release|Any CPU.ActiveCfg = Release|x64
		{59C40F6A-4C25-441E-B888-FFBC1C529FE5}.Release|Any CPU.Build.0 = Release|x64
		{59C40F6A-4C25-441E-B888-FFBC1C529FE5}.Release|Mixed Platforms.ActiveCfg = Release|x86
		{59C40F6A-4C25-441E-B888-FFBC1C529FE5}.Release|Mixed Platforms.Build.0 = Release|x86
		{59C40F6A-4C25-441E-B888-FFBC1C529FE5}.Release|x86.ActiveCfg = Release|x86
		{59C40F6A-4C25-441E-B888-FFBC1C529FE5}.Release|x86.Build.0 = Release|x86
	EndGlobalSection
	GlobalSection(SolutionProperties) = preSolution
		HideSolutionNode = FALSE
	EndGlobalSection
	GlobalSection(TestCaseManagementSettings) = postSolution
		CategoryFile = GLM.vsmdi
	EndGlobalSection
EndGlobal
